// !$*UTF8*$!
{
	archiveVersion = 1;
	classes = {
	};
	objectVersion = 56;
	objects = {

/* Begin PBXBuildFile section */
		F3F1BD712C19022800381E03 /* SecureNotesApp.swift in Sources */ = {isa = PBXBuildFile; fileRef = F3F1BD702C19022800381E03 /* SecureNotesApp.swift */; };
		F3F1BD732C19022800381E03 /* ContentView.swift in Sources */ = {isa = PBXBuildFile; fileRef = F3F1BD722C19022800381E03 /* ContentView.swift */; };
		F3F1BD752C19022900381E03 /* Assets.xcassets in Resources */ = {isa = PBXBuildFile; fileRef = F3F1BD742C19022900381E03 /* Assets.xcassets */; };
		F3F1BD782C19022900381E03 /* Preview Assets.xcassets in Resources */ = {isa = PBXBuildFile; fileRef = F3F1BD772C19022900381E03 /* Preview Assets.xcassets */; };
		F3F1BD872C19022A00381E03 /* SecureNotesTests.swift in Sources */ = {isa = PBXBuildFile; fileRef = F3F1BD862C19022A00381E03 /* SecureNotesTests.swift */; };
		F3F1BD912C19022A00381E03 /* SecureNotesUITests.swift in Sources */ = {isa = PBXBuildFile; fileRef = F3F1BD902C19022A00381E03 /* SecureNotesUITests.swift */; };
		F3F1BD932C19022A00381E03 /* SecureNotesUITestsLaunchTests.swift in Sources */ = {isa = PBXBuildFile; fileRef = F3F1BD922C19022A00381E03 /* SecureNotesUITestsLaunchTests.swift */; };
		F3F1BDC72C19027200381E03 /* UtilityKit.framework in Frameworks */ = {isa = PBXBuildFile; fileRef = F3F1BDC62C19027200381E03 /* UtilityKit.framework */; };
		F3F1BDC82C19027200381E03 /* UtilityKit.framework in Embed Frameworks */ = {isa = PBXBuildFile; fileRef = F3F1BDC62C19027200381E03 /* UtilityKit.framework */; settings = {ATTRIBUTES = (CodeSignOnCopy, RemoveHeadersOnCopy, ); }; };
		F3F1BE3E2C19031C00381E03 /* DataKit.framework in Frameworks */ = {isa = PBXBuildFile; fileRef = F3F1BE3A2C19031C00381E03 /* DataKit.framework */; };
		F3F1BE3F2C19031C00381E03 /* DataKit.framework in Embed Frameworks */ = {isa = PBXBuildFile; fileRef = F3F1BE3A2C19031C00381E03 /* DataKit.framework */; settings = {ATTRIBUTES = (CodeSignOnCopy, RemoveHeadersOnCopy, ); }; };
		F3F1BE402C19031C00381E03 /* DomainKit.framework in Frameworks */ = {isa = PBXBuildFile; fileRef = F3F1BE3B2C19031C00381E03 /* DomainKit.framework */; };
		F3F1BE412C19031C00381E03 /* DomainKit.framework in Embed Frameworks */ = {isa = PBXBuildFile; fileRef = F3F1BE3B2C19031C00381E03 /* DomainKit.framework */; settings = {ATTRIBUTES = (CodeSignOnCopy, RemoveHeadersOnCopy, ); }; };
		F3F1BE422C19031C00381E03 /* PresentationKit.framework in Frameworks */ = {isa = PBXBuildFile; fileRef = F3F1BE3C2C19031C00381E03 /* PresentationKit.framework */; };
		F3F1BE432C19031C00381E03 /* PresentationKit.framework in Embed Frameworks */ = {isa = PBXBuildFile; fileRef = F3F1BE3C2C19031C00381E03 /* PresentationKit.framework */; settings = {ATTRIBUTES = (CodeSignOnCopy, RemoveHeadersOnCopy, ); }; };
		F3F1BE442C19031C00381E03 /* UtilityKit.framework in Frameworks */ = {isa = PBXBuildFile; fileRef = F3F1BE3D2C19031C00381E03 /* UtilityKit.framework */; };
		F3F1BE452C19031C00381E03 /* UtilityKit.framework in Embed Frameworks */ = {isa = PBXBuildFile; fileRef = F3F1BE3D2C19031C00381E03 /* UtilityKit.framework */; settings = {ATTRIBUTES = (CodeSignOnCopy, RemoveHeadersOnCopy, ); }; };
		F3F1BE502C19036D00381E03 /* NotesListViewProtocols.swift in Sources */ = {isa = PBXBuildFile; fileRef = F3F1BE4D2C19036D00381E03 /* NotesListViewProtocols.swift */; };
		F3F1BE512C19036D00381E03 /* NotesListView.swift in Sources */ = {isa = PBXBuildFile; fileRef = F3F1BE4E2C19036D00381E03 /* NotesListView.swift */; };
		F3F1BE522C19036D00381E03 /* NotesListViewModel.swift in Sources */ = {isa = PBXBuildFile; fileRef = F3F1BE4F2C19036D00381E03 /* NotesListViewModel.swift */; };
		F3F1BE572C19039100381E03 /* NoteView.swift in Sources */ = {isa = PBXBuildFile; fileRef = F3F1BE542C19039100381E03 /* NoteView.swift */; };
		F3F1BE582C19039100381E03 /* NoteViewModel.swift in Sources */ = {isa = PBXBuildFile; fileRef = F3F1BE552C19039100381E03 /* NoteViewModel.swift */; };
		F3F1BE592C19039100381E03 /* NotesViewProtocols.swift in Sources */ = {isa = PBXBuildFile; fileRef = F3F1BE562C19039100381E03 /* NotesViewProtocols.swift */; };
		F3F1BE5C2C19045C00381E03 /* AppState.swift in Sources */ = {isa = PBXBuildFile; fileRef = F3F1BE5B2C19045C00381E03 /* AppState.swift */; };
		F3F1BE9B2C19DB4100381E03 /* SplashScreenView.swift in Sources */ = {isa = PBXBuildFile; fileRef = F3F1BE9A2C19DB4100381E03 /* SplashScreenView.swift */; };
		F3F1BEB32C19E4C500381E03 /* SignInView.swift in Sources */ = {isa = PBXBuildFile; fileRef = F3F1BEB22C19E4C500381E03 /* SignInView.swift */; };
		F3F1BF0A2C1A3E0C00381E03 /* NoteListViewCell.swift in Sources */ = {isa = PBXBuildFile; fileRef = F3F1BF092C1A3E0C00381E03 /* NoteListViewCell.swift */; };
/* End PBXBuildFile section */

/* Begin PBXContainerItemProxy section */
		F3F1BD832C19022A00381E03 /* PBXContainerItemProxy */ = {
			isa = PBXContainerItemProxy;
			containerPortal = F3F1BD652C19022800381E03 /* Project object */;
			proxyType = 1;
			remoteGlobalIDString = F3F1BD6C2C19022800381E03;
			remoteInfo = SecureNotes;
		};
		F3F1BD8D2C19022A00381E03 /* PBXContainerItemProxy */ = {
			isa = PBXContainerItemProxy;
			containerPortal = F3F1BD652C19022800381E03 /* Project object */;
			proxyType = 1;
			remoteGlobalIDString = F3F1BD6C2C19022800381E03;
			remoteInfo = SecureNotes;
		};
/* End PBXContainerItemProxy section */

/* Begin PBXCopyFilesBuildPhase section */
		F3F1BDC92C19027300381E03 /* Embed Frameworks */ = {
			isa = PBXCopyFilesBuildPhase;
			buildActionMask = 2147483647;
			dstPath = "";
			dstSubfolderSpec = 10;
			files = (
				F3F1BE412C19031C00381E03 /* DomainKit.framework in Embed Frameworks */,
				F3F1BE452C19031C00381E03 /* UtilityKit.framework in Embed Frameworks */,
				F3F1BE432C19031C00381E03 /* PresentationKit.framework in Embed Frameworks */,
				F3F1BDC82C19027200381E03 /* UtilityKit.framework in Embed Frameworks */,
				F3F1BE3F2C19031C00381E03 /* DataKit.framework in Embed Frameworks */,
			);
			name = "Embed Frameworks";
			runOnlyForDeploymentPostprocessing = 0;
		};
/* End PBXCopyFilesBuildPhase section */

/* Begin PBXFileReference section */
		F3F1BD6D2C19022800381E03 /* SecureNotes.app */ = {isa = PBXFileReference; explicitFileType = wrapper.application; includeInIndex = 0; path = SecureNotes.app; sourceTree = BUILT_PRODUCTS_DIR; };
		F3F1BD702C19022800381E03 /* SecureNotesApp.swift */ = {isa = PBXFileReference; lastKnownFileType = sourcecode.swift; path = SecureNotesApp.swift; sourceTree = "<group>"; };
		F3F1BD722C19022800381E03 /* ContentView.swift */ = {isa = PBXFileReference; lastKnownFileType = sourcecode.swift; path = ContentView.swift; sourceTree = "<group>"; };
		F3F1BD742C19022900381E03 /* Assets.xcassets */ = {isa = PBXFileReference; lastKnownFileType = folder.assetcatalog; path = Assets.xcassets; sourceTree = "<group>"; };
		F3F1BD772C19022900381E03 /* Preview Assets.xcassets */ = {isa = PBXFileReference; lastKnownFileType = folder.assetcatalog; path = "Preview Assets.xcassets"; sourceTree = "<group>"; };
		F3F1BD822C19022A00381E03 /* SecureNotesTests.xctest */ = {isa = PBXFileReference; explicitFileType = wrapper.cfbundle; includeInIndex = 0; path = SecureNotesTests.xctest; sourceTree = BUILT_PRODUCTS_DIR; };
		F3F1BD862C19022A00381E03 /* SecureNotesTests.swift */ = {isa = PBXFileReference; lastKnownFileType = sourcecode.swift; path = SecureNotesTests.swift; sourceTree = "<group>"; };
		F3F1BD8C2C19022A00381E03 /* SecureNotesUITests.xctest */ = {isa = PBXFileReference; explicitFileType = wrapper.cfbundle; includeInIndex = 0; path = SecureNotesUITests.xctest; sourceTree = BUILT_PRODUCTS_DIR; };
		F3F1BD902C19022A00381E03 /* SecureNotesUITests.swift */ = {isa = PBXFileReference; lastKnownFileType = sourcecode.swift; path = SecureNotesUITests.swift; sourceTree = "<group>"; };
		F3F1BD922C19022A00381E03 /* SecureNotesUITestsLaunchTests.swift */ = {isa = PBXFileReference; lastKnownFileType = sourcecode.swift; path = SecureNotesUITestsLaunchTests.swift; sourceTree = "<group>"; };
		F3F1BDC62C19027200381E03 /* UtilityKit.framework */ = {isa = PBXFileReference; explicitFileType = wrapper.framework; path = UtilityKit.framework; sourceTree = BUILT_PRODUCTS_DIR; };
		F3F1BE3A2C19031C00381E03 /* DataKit.framework */ = {isa = PBXFileReference; explicitFileType = wrapper.framework; path = DataKit.framework; sourceTree = BUILT_PRODUCTS_DIR; };
		F3F1BE3B2C19031C00381E03 /* DomainKit.framework */ = {isa = PBXFileReference; explicitFileType = wrapper.framework; path = DomainKit.framework; sourceTree = BUILT_PRODUCTS_DIR; };
		F3F1BE3C2C19031C00381E03 /* PresentationKit.framework */ = {isa = PBXFileReference; explicitFileType = wrapper.framework; path = PresentationKit.framework; sourceTree = BUILT_PRODUCTS_DIR; };
		F3F1BE3D2C19031C00381E03 /* UtilityKit.framework */ = {isa = PBXFileReference; explicitFileType = wrapper.framework; path = UtilityKit.framework; sourceTree = BUILT_PRODUCTS_DIR; };
		F3F1BE4D2C19036D00381E03 /* NotesListViewProtocols.swift */ = {isa = PBXFileReference; fileEncoding = 4; lastKnownFileType = sourcecode.swift; path = NotesListViewProtocols.swift; sourceTree = "<group>"; };
		F3F1BE4E2C19036D00381E03 /* NotesListView.swift */ = {isa = PBXFileReference; fileEncoding = 4; lastKnownFileType = sourcecode.swift; path = NotesListView.swift; sourceTree = "<group>"; };
		F3F1BE4F2C19036D00381E03 /* NotesListViewModel.swift */ = {isa = PBXFileReference; fileEncoding = 4; lastKnownFileType = sourcecode.swift; path = NotesListViewModel.swift; sourceTree = "<group>"; };
		F3F1BE542C19039100381E03 /* NoteView.swift */ = {isa = PBXFileReference; fileEncoding = 4; lastKnownFileType = sourcecode.swift; path = NoteView.swift; sourceTree = "<group>"; };
		F3F1BE552C19039100381E03 /* NoteViewModel.swift */ = {isa = PBXFileReference; fileEncoding = 4; lastKnownFileType = sourcecode.swift; path = NoteViewModel.swift; sourceTree = "<group>"; };
		F3F1BE562C19039100381E03 /* NotesViewProtocols.swift */ = {isa = PBXFileReference; fileEncoding = 4; lastKnownFileType = sourcecode.swift; path = NotesViewProtocols.swift; sourceTree = "<group>"; };
		F3F1BE5B2C19045C00381E03 /* AppState.swift */ = {isa = PBXFileReference; lastKnownFileType = sourcecode.swift; path = AppState.swift; sourceTree = "<group>"; };
		F3F1BE9A2C19DB4100381E03 /* SplashScreenView.swift */ = {isa = PBXFileReference; lastKnownFileType = sourcecode.swift; path = SplashScreenView.swift; sourceTree = "<group>"; };
		F3F1BEB22C19E4C500381E03 /* SignInView.swift */ = {isa = PBXFileReference; lastKnownFileType = sourcecode.swift; path = SignInView.swift; sourceTree = "<group>"; };
		F3F1BF092C1A3E0C00381E03 /* NoteListViewCell.swift */ = {isa = PBXFileReference; lastKnownFileType = sourcecode.swift; path = NoteListViewCell.swift; sourceTree = "<group>"; };
/* End PBXFileReference section */

/* Begin PBXFrameworksBuildPhase section */
		F3F1BD6A2C19022800381E03 /* Frameworks */ = {
			isa = PBXFrameworksBuildPhase;
			buildActionMask = 2147483647;
			files = (
				F3F1BE402C19031C00381E03 /* DomainKit.framework in Frameworks */,
				F3F1BE442C19031C00381E03 /* UtilityKit.framework in Frameworks */,
				F3F1BE422C19031C00381E03 /* PresentationKit.framework in Frameworks */,
				F3F1BDC72C19027200381E03 /* UtilityKit.framework in Frameworks */,
				F3F1BE3E2C19031C00381E03 /* DataKit.framework in Frameworks */,
			);
			runOnlyForDeploymentPostprocessing = 0;
		};
		F3F1BD7F2C19022A00381E03 /* Frameworks */ = {
			isa = PBXFrameworksBuildPhase;
			buildActionMask = 2147483647;
			files = (
			);
			runOnlyForDeploymentPostprocessing = 0;
		};
		F3F1BD892C19022A00381E03 /* Frameworks */ = {
			isa = PBXFrameworksBuildPhase;
			buildActionMask = 2147483647;
			files = (
			);
			runOnlyForDeploymentPostprocessing = 0;
		};
/* End PBXFrameworksBuildPhase section */

/* Begin PBXGroup section */
		F3F1BD642C19022800381E03 = {
			isa = PBXGroup;
			children = (
				F3F1BD6F2C19022800381E03 /* SecureNotes */,
				F3F1BD852C19022A00381E03 /* SecureNotesTests */,
				F3F1BD8F2C19022A00381E03 /* SecureNotesUITests */,
				F3F1BD6E2C19022800381E03 /* Products */,
				F3F1BDC52C19027200381E03 /* Frameworks */,
			);
			sourceTree = "<group>";
		};
		F3F1BD6E2C19022800381E03 /* Products */ = {
			isa = PBXGroup;
			children = (
				F3F1BD6D2C19022800381E03 /* SecureNotes.app */,
				F3F1BD822C19022A00381E03 /* SecureNotesTests.xctest */,
				F3F1BD8C2C19022A00381E03 /* SecureNotesUITests.xctest */,
			);
			name = Products;
			sourceTree = "<group>";
		};
		F3F1BD6F2C19022800381E03 /* SecureNotes */ = {
			isa = PBXGroup;
			children = (
				F3F1BE5B2C19045C00381E03 /* AppState.swift */,
				F3F1BD702C19022800381E03 /* SecureNotesApp.swift */,
				F3F1BD722C19022800381E03 /* ContentView.swift */,
				F3F1BEB62C19E5F400381E03 /* SplashScreenView */,
				F3F1BEB72C19E60200381E03 /* SignInView */,
				F3F1BE5A2C19039900381E03 /* NotesView */,
				F3F1BE532C19038700381E03 /* NotesListView */,
				F3F1BD762C19022900381E03 /* Preview Content */,
				F3F1BD742C19022900381E03 /* Assets.xcassets */,
			);
			path = SecureNotes;
			sourceTree = "<group>";
		};
		F3F1BD762C19022900381E03 /* Preview Content */ = {
			isa = PBXGroup;
			children = (
				F3F1BD772C19022900381E03 /* Preview Assets.xcassets */,
			);
			path = "Preview Content";
			sourceTree = "<group>";
		};
		F3F1BD852C19022A00381E03 /* SecureNotesTests */ = {
			isa = PBXGroup;
			children = (
				F3F1BD862C19022A00381E03 /* SecureNotesTests.swift */,
			);
			path = SecureNotesTests;
			sourceTree = "<group>";
		};
		F3F1BD8F2C19022A00381E03 /* SecureNotesUITests */ = {
			isa = PBXGroup;
			children = (
				F3F1BD902C19022A00381E03 /* SecureNotesUITests.swift */,
				F3F1BD922C19022A00381E03 /* SecureNotesUITestsLaunchTests.swift */,
			);
			path = SecureNotesUITests;
			sourceTree = "<group>";
		};
		F3F1BDC52C19027200381E03 /* Frameworks */ = {
			isa = PBXGroup;
			children = (
				F3F1BE3A2C19031C00381E03 /* DataKit.framework */,
				F3F1BE3B2C19031C00381E03 /* DomainKit.framework */,
				F3F1BE3C2C19031C00381E03 /* PresentationKit.framework */,
				F3F1BE3D2C19031C00381E03 /* UtilityKit.framework */,
				F3F1BDC62C19027200381E03 /* UtilityKit.framework */,
			);
			name = Frameworks;
			sourceTree = "<group>";
		};
		F3F1BE532C19038700381E03 /* NotesListView */ = {
			isa = PBXGroup;
			children = (
				F3F1BE4D2C19036D00381E03 /* NotesListViewProtocols.swift */,
				F3F1BE4F2C19036D00381E03 /* NotesListViewModel.swift */,
				F3F1BE4E2C19036D00381E03 /* NotesListView.swift */,
				F3F1BF092C1A3E0C00381E03 /* NoteListViewCell.swift */,
			);
			path = NotesListView;
			sourceTree = "<group>";
		};
		F3F1BE5A2C19039900381E03 /* NotesView */ = {
			isa = PBXGroup;
			children = (
				F3F1BE562C19039100381E03 /* NotesViewProtocols.swift */,
				F3F1BE542C19039100381E03 /* NoteView.swift */,
				F3F1BE552C19039100381E03 /* NoteViewModel.swift */,
			);
			path = NotesView;
			sourceTree = "<group>";
		};
		F3F1BEB62C19E5F400381E03 /* SplashScreenView */ = {
			isa = PBXGroup;
			children = (
				F3F1BE9A2C19DB4100381E03 /* SplashScreenView.swift */,
			);
			path = SplashScreenView;
			sourceTree = "<group>";
		};
		F3F1BEB72C19E60200381E03 /* SignInView */ = {
			isa = PBXGroup;
			children = (
				F3F1BEB22C19E4C500381E03 /* SignInView.swift */,
			);
			path = SignInView;
			sourceTree = "<group>";
		};
/* End PBXGroup section */

/* Begin PBXNativeTarget section */
		F3F1BD6C2C19022800381E03 /* SecureNotes */ = {
			isa = PBXNativeTarget;
			buildConfigurationList = F3F1BD962C19022A00381E03 /* Build configuration list for PBXNativeTarget "SecureNotes" */;
			buildPhases = (
				F3F1BD692C19022800381E03 /* Sources */,
				F3F1BD6A2C19022800381E03 /* Frameworks */,
				F3F1BD6B2C19022800381E03 /* Resources */,
				F3F1BDC92C19027300381E03 /* Embed Frameworks */,
			);
			buildRules = (
			);
			dependencies = (
			);
			name = SecureNotes;
			productName = SecureNotes;
			productReference = F3F1BD6D2C19022800381E03 /* SecureNotes.app */;
			productType = "com.apple.product-type.application";
		};
		F3F1BD812C19022A00381E03 /* SecureNotesTests */ = {
			isa = PBXNativeTarget;
			buildConfigurationList = F3F1BD992C19022A00381E03 /* Build configuration list for PBXNativeTarget "SecureNotesTests" */;
			buildPhases = (
				F3F1BD7E2C19022A00381E03 /* Sources */,
				F3F1BD7F2C19022A00381E03 /* Frameworks */,
				F3F1BD802C19022A00381E03 /* Resources */,
			);
			buildRules = (
			);
			dependencies = (
				F3F1BD842C19022A00381E03 /* PBXTargetDependency */,
			);
			name = SecureNotesTests;
			productName = SecureNotesTests;
			productReference = F3F1BD822C19022A00381E03 /* SecureNotesTests.xctest */;
			productType = "com.apple.product-type.bundle.unit-test";
		};
		F3F1BD8B2C19022A00381E03 /* SecureNotesUITests */ = {
			isa = PBXNativeTarget;
			buildConfigurationList = F3F1BD9C2C19022A00381E03 /* Build configuration list for PBXNativeTarget "SecureNotesUITests" */;
			buildPhases = (
				F3F1BD882C19022A00381E03 /* Sources */,
				F3F1BD892C19022A00381E03 /* Frameworks */,
				F3F1BD8A2C19022A00381E03 /* Resources */,
			);
			buildRules = (
			);
			dependencies = (
				F3F1BD8E2C19022A00381E03 /* PBXTargetDependency */,
			);
			name = SecureNotesUITests;
			productName = SecureNotesUITests;
			productReference = F3F1BD8C2C19022A00381E03 /* SecureNotesUITests.xctest */;
			productType = "com.apple.product-type.bundle.ui-testing";
		};
/* End PBXNativeTarget section */

/* Begin PBXProject section */
		F3F1BD652C19022800381E03 /* Project object */ = {
			isa = PBXProject;
			attributes = {
				BuildIndependentTargetsInParallel = 1;
				LastSwiftUpdateCheck = 1540;
				LastUpgradeCheck = 1540;
				TargetAttributes = {
					F3F1BD6C2C19022800381E03 = {
						CreatedOnToolsVersion = 15.4;
					};
					F3F1BD812C19022A00381E03 = {
						CreatedOnToolsVersion = 15.4;
						TestTargetID = F3F1BD6C2C19022800381E03;
					};
					F3F1BD8B2C19022A00381E03 = {
						CreatedOnToolsVersion = 15.4;
						TestTargetID = F3F1BD6C2C19022800381E03;
					};
				};
			};
			buildConfigurationList = F3F1BD682C19022800381E03 /* Build configuration list for PBXProject "SecureNotes" */;
			compatibilityVersion = "Xcode 14.0";
			developmentRegion = en;
			hasScannedForEncodings = 0;
			knownRegions = (
				en,
				Base,
			);
			mainGroup = F3F1BD642C19022800381E03;
			productRefGroup = F3F1BD6E2C19022800381E03 /* Products */;
			projectDirPath = "";
			projectRoot = "";
			targets = (
				F3F1BD6C2C19022800381E03 /* SecureNotes */,
				F3F1BD812C19022A00381E03 /* SecureNotesTests */,
				F3F1BD8B2C19022A00381E03 /* SecureNotesUITests */,
			);
		};
/* End PBXProject section */

/* Begin PBXResourcesBuildPhase section */
		F3F1BD6B2C19022800381E03 /* Resources */ = {
			isa = PBXResourcesBuildPhase;
			buildActionMask = 2147483647;
			files = (
				F3F1BD782C19022900381E03 /* Preview Assets.xcassets in Resources */,
				F3F1BD752C19022900381E03 /* Assets.xcassets in Resources */,
			);
			runOnlyForDeploymentPostprocessing = 0;
		};
		F3F1BD802C19022A00381E03 /* Resources */ = {
			isa = PBXResourcesBuildPhase;
			buildActionMask = 2147483647;
			files = (
			);
			runOnlyForDeploymentPostprocessing = 0;
		};
		F3F1BD8A2C19022A00381E03 /* Resources */ = {
			isa = PBXResourcesBuildPhase;
			buildActionMask = 2147483647;
			files = (
			);
			runOnlyForDeploymentPostprocessing = 0;
		};
/* End PBXResourcesBuildPhase section */

/* Begin PBXSourcesBuildPhase section */
		F3F1BD692C19022800381E03 /* Sources */ = {
			isa = PBXSourcesBuildPhase;
			buildActionMask = 2147483647;
			files = (
				F3F1BD732C19022800381E03 /* ContentView.swift in Sources */,
				F3F1BD712C19022800381E03 /* SecureNotesApp.swift in Sources */,
				F3F1BF0A2C1A3E0C00381E03 /* NoteListViewCell.swift in Sources */,
				F3F1BE522C19036D00381E03 /* NotesListViewModel.swift in Sources */,
				F3F1BE9B2C19DB4100381E03 /* SplashScreenView.swift in Sources */,
				F3F1BE582C19039100381E03 /* NoteViewModel.swift in Sources */,
				F3F1BE5C2C19045C00381E03 /* AppState.swift in Sources */,
				F3F1BE512C19036D00381E03 /* NotesListView.swift in Sources */,
				F3F1BE572C19039100381E03 /* NoteView.swift in Sources */,
				F3F1BE592C19039100381E03 /* NotesViewProtocols.swift in Sources */,
				F3F1BEB32C19E4C500381E03 /* SignInView.swift in Sources */,
				F3F1BE502C19036D00381E03 /* NotesListViewProtocols.swift in Sources */,
			);
			runOnlyForDeploymentPostprocessing = 0;
		};
		F3F1BD7E2C19022A00381E03 /* Sources */ = {
			isa = PBXSourcesBuildPhase;
			buildActionMask = 2147483647;
			files = (
				F3F1BD872C19022A00381E03 /* SecureNotesTests.swift in Sources */,
			);
			runOnlyForDeploymentPostprocessing = 0;
		};
		F3F1BD882C19022A00381E03 /* Sources */ = {
			isa = PBXSourcesBuildPhase;
			buildActionMask = 2147483647;
			files = (
				F3F1BD912C19022A00381E03 /* SecureNotesUITests.swift in Sources */,
				F3F1BD932C19022A00381E03 /* SecureNotesUITestsLaunchTests.swift in Sources */,
			);
			runOnlyForDeploymentPostprocessing = 0;
		};
/* End PBXSourcesBuildPhase section */

/* Begin PBXTargetDependency section */
		F3F1BD842C19022A00381E03 /* PBXTargetDependency */ = {
			isa = PBXTargetDependency;
			target = F3F1BD6C2C19022800381E03 /* SecureNotes */;
			targetProxy = F3F1BD832C19022A00381E03 /* PBXContainerItemProxy */;
		};
		F3F1BD8E2C19022A00381E03 /* PBXTargetDependency */ = {
			isa = PBXTargetDependency;
			target = F3F1BD6C2C19022800381E03 /* SecureNotes */;
			targetProxy = F3F1BD8D2C19022A00381E03 /* PBXContainerItemProxy */;
		};
/* End PBXTargetDependency section */

/* Begin XCBuildConfiguration section */
		F3F1BD942C19022A00381E03 /* Debug */ = {
			isa = XCBuildConfiguration;
			buildSettings = {
				ALWAYS_SEARCH_USER_PATHS = NO;
				ASSETCATALOG_COMPILER_GENERATE_SWIFT_ASSET_SYMBOL_EXTENSIONS = YES;
				CLANG_ANALYZER_NONNULL = YES;
				CLANG_ANALYZER_NUMBER_OBJECT_CONVERSION = YES_AGGRESSIVE;
				CLANG_CXX_LANGUAGE_STANDARD = "gnu++20";
				CLANG_ENABLE_MODULES = YES;
				CLANG_ENABLE_OBJC_ARC = YES;
				CLANG_ENABLE_OBJC_WEAK = YES;
				CLANG_WARN_BLOCK_CAPTURE_AUTORELEASING = YES;
				CLANG_WARN_BOOL_CONVERSION = YES;
				CLANG_WARN_COMMA = YES;
				CLANG_WARN_CONSTANT_CONVERSION = YES;
				CLANG_WARN_DEPRECATED_OBJC_IMPLEMENTATIONS = YES;
				CLANG_WARN_DIRECT_OBJC_ISA_USAGE = YES_ERROR;
				CLANG_WARN_DOCUMENTATION_COMMENTS = YES;
				CLANG_WARN_EMPTY_BODY = YES;
				CLANG_WARN_ENUM_CONVERSION = YES;
				CLANG_WARN_INFINITE_RECURSION = YES;
				CLANG_WARN_INT_CONVERSION = YES;
				CLANG_WARN_NON_LITERAL_NULL_CONVERSION = YES;
				CLANG_WARN_OBJC_IMPLICIT_RETAIN_SELF = YES;
				CLANG_WARN_OBJC_LITERAL_CONVERSION = YES;
				CLANG_WARN_OBJC_ROOT_CLASS = YES_ERROR;
				CLANG_WARN_QUOTED_INCLUDE_IN_FRAMEWORK_HEADER = YES;
				CLANG_WARN_RANGE_LOOP_ANALYSIS = YES;
				CLANG_WARN_STRICT_PROTOTYPES = YES;
				CLANG_WARN_SUSPICIOUS_MOVE = YES;
				CLANG_WARN_UNGUARDED_AVAILABILITY = YES_AGGRESSIVE;
				CLANG_WARN_UNREACHABLE_CODE = YES;
				CLANG_WARN__DUPLICATE_METHOD_MATCH = YES;
				COPY_PHASE_STRIP = NO;
				DEBUG_INFORMATION_FORMAT = dwarf;
				ENABLE_STRICT_OBJC_MSGSEND = YES;
				ENABLE_TESTABILITY = YES;
				ENABLE_USER_SCRIPT_SANDBOXING = YES;
				GCC_C_LANGUAGE_STANDARD = gnu17;
				GCC_DYNAMIC_NO_PIC = NO;
				GCC_NO_COMMON_BLOCKS = YES;
				GCC_OPTIMIZATION_LEVEL = 0;
				GCC_PREPROCESSOR_DEFINITIONS = (
					"DEBUG=1",
					"$(inherited)",
				);
				GCC_WARN_64_TO_32_BIT_CONVERSION = YES;
				GCC_WARN_ABOUT_RETURN_TYPE = YES_ERROR;
				GCC_WARN_UNDECLARED_SELECTOR = YES;
				GCC_WARN_UNINITIALIZED_AUTOS = YES_AGGRESSIVE;
				GCC_WARN_UNUSED_FUNCTION = YES;
				GCC_WARN_UNUSED_VARIABLE = YES;
				IPHONEOS_DEPLOYMENT_TARGET = 17.5;
				LOCALIZATION_PREFERS_STRING_CATALOGS = YES;
				MTL_ENABLE_DEBUG_INFO = INCLUDE_SOURCE;
				MTL_FAST_MATH = YES;
				ONLY_ACTIVE_ARCH = YES;
				SDKROOT = iphoneos;
				SWIFT_ACTIVE_COMPILATION_CONDITIONS = "DEBUG $(inherited)";
				SWIFT_OPTIMIZATION_LEVEL = "-Onone";
			};
			name = Debug;
		};
		F3F1BD952C19022A00381E03 /* Release */ = {
			isa = XCBuildConfiguration;
			buildSettings = {
				ALWAYS_SEARCH_USER_PATHS = NO;
				ASSETCATALOG_COMPILER_GENERATE_SWIFT_ASSET_SYMBOL_EXTENSIONS = YES;
				CLANG_ANALYZER_NONNULL = YES;
				CLANG_ANALYZER_NUMBER_OBJECT_CONVERSION = YES_AGGRESSIVE;
				CLANG_CXX_LANGUAGE_STANDARD = "gnu++20";
				CLANG_ENABLE_MODULES = YES;
				CLANG_ENABLE_OBJC_ARC = YES;
				CLANG_ENABLE_OBJC_WEAK = YES;
				CLANG_WARN_BLOCK_CAPTURE_AUTORELEASING = YES;
				CLANG_WARN_BOOL_CONVERSION = YES;
				CLANG_WARN_COMMA = YES;
				CLANG_WARN_CONSTANT_CONVERSION = YES;
				CLANG_WARN_DEPRECATED_OBJC_IMPLEMENTATIONS = YES;
				CLANG_WARN_DIRECT_OBJC_ISA_USAGE = YES_ERROR;
				CLANG_WARN_DOCUMENTATION_COMMENTS = YES;
				CLANG_WARN_EMPTY_BODY = YES;
				CLANG_WARN_ENUM_CONVERSION = YES;
				CLANG_WARN_INFINITE_RECURSION = YES;
				CLANG_WARN_INT_CONVERSION = YES;
				CLANG_WARN_NON_LITERAL_NULL_CONVERSION = YES;
				CLANG_WARN_OBJC_IMPLICIT_RETAIN_SELF = YES;
				CLANG_WARN_OBJC_LITERAL_CONVERSION = YES;
				CLANG_WARN_OBJC_ROOT_CLASS = YES_ERROR;
				CLANG_WARN_QUOTED_INCLUDE_IN_FRAMEWORK_HEADER = YES;
				CLANG_WARN_RANGE_LOOP_ANALYSIS = YES;
				CLANG_WARN_STRICT_PROTOTYPES = YES;
				CLANG_WARN_SUSPICIOUS_MOVE = YES;
				CLANG_WARN_UNGUARDED_AVAILABILITY = YES_AGGRESSIVE;
				CLANG_WARN_UNREACHABLE_CODE = YES;
				CLANG_WARN__DUPLICATE_METHOD_MATCH = YES;
				COPY_PHASE_STRIP = NO;
				DEBUG_INFORMATION_FORMAT = "dwarf-with-dsym";
				ENABLE_NS_ASSERTIONS = NO;
				ENABLE_STRICT_OBJC_MSGSEND = YES;
				ENABLE_USER_SCRIPT_SANDBOXING = YES;
				GCC_C_LANGUAGE_STANDARD = gnu17;
				GCC_NO_COMMON_BLOCKS = YES;
				GCC_WARN_64_TO_32_BIT_CONVERSION = YES;
				GCC_WARN_ABOUT_RETURN_TYPE = YES_ERROR;
				GCC_WARN_UNDECLARED_SELECTOR = YES;
				GCC_WARN_UNINITIALIZED_AUTOS = YES_AGGRESSIVE;
				GCC_WARN_UNUSED_FUNCTION = YES;
				GCC_WARN_UNUSED_VARIABLE = YES;
				IPHONEOS_DEPLOYMENT_TARGET = 17.5;
				LOCALIZATION_PREFERS_STRING_CATALOGS = YES;
				MTL_ENABLE_DEBUG_INFO = NO;
				MTL_FAST_MATH = YES;
				SDKROOT = iphoneos;
				SWIFT_COMPILATION_MODE = wholemodule;
				VALIDATE_PRODUCT = YES;
			};
			name = Release;
		};
		F3F1BD972C19022A00381E03 /* Debug */ = {
			isa = XCBuildConfiguration;
			buildSettings = {
				ASSETCATALOG_COMPILER_APPICON_NAME = AppIcon;
				ASSETCATALOG_COMPILER_GLOBAL_ACCENT_COLOR_NAME = AccentColor;
				CODE_SIGN_STYLE = Automatic;
				CURRENT_PROJECT_VERSION = 1;
				DEVELOPMENT_ASSET_PATHS = "\"SecureNotes/Preview Content\"";
				DEVELOPMENT_TEAM = LBJP2C8845;
				ENABLE_PREVIEWS = YES;
				GENERATE_INFOPLIST_FILE = YES;
				INFOPLIST_KEY_UIApplicationSceneManifest_Generation = YES;
				INFOPLIST_KEY_UIApplicationSupportsIndirectInputEvents = YES;
				INFOPLIST_KEY_UILaunchScreen_Generation = YES;
				INFOPLIST_KEY_UISupportedInterfaceOrientations_iPad = "UIInterfaceOrientationPortrait UIInterfaceOrientationPortraitUpsideDown UIInterfaceOrientationLandscapeLeft UIInterfaceOrientationLandscapeRight";
				INFOPLIST_KEY_UISupportedInterfaceOrientations_iPhone = "UIInterfaceOrientationPortrait UIInterfaceOrientationLandscapeLeft UIInterfaceOrientationLandscapeRight";
				LD_RUNPATH_SEARCH_PATHS = (
					"$(inherited)",
					"@executable_path/Frameworks",
				);
				MARKETING_VERSION = 1.0;
				PRODUCT_BUNDLE_IDENTIFIER = com.warrd.adlani.SecureNotes;
				PRODUCT_NAME = "$(TARGET_NAME)";
				SWIFT_EMIT_LOC_STRINGS = YES;
				SWIFT_VERSION = 5.0;
				TARGETED_DEVICE_FAMILY = "1,2";
			};
			name = Debug;
		};
		F3F1BD982C19022A00381E03 /* Release */ = {
			isa = XCBuildConfiguration;
			buildSettings = {
				ASSETCATALOG_COMPILER_APPICON_NAME = AppIcon;
				ASSETCATALOG_COMPILER_GLOBAL_ACCENT_COLOR_NAME = AccentColor;
				CODE_SIGN_STYLE = Automatic;
				CURRENT_PROJECT_VERSION = 1;
				DEVELOPMENT_ASSET_PATHS = "\"SecureNotes/Preview Content\"";
				DEVELOPMENT_TEAM = LBJP2C8845;
				ENABLE_PREVIEWS = YES;
				GENERATE_INFOPLIST_FILE = YES;
				INFOPLIST_KEY_UIApplicationSceneManifest_Generation = YES;
				INFOPLIST_KEY_UIApplicationSupportsIndirectInputEvents = YES;
				INFOPLIST_KEY_UILaunchScreen_Generation = YES;
				INFOPLIST_KEY_UISupportedInterfaceOrientations_iPad = "UIInterfaceOrientationPortrait UIInterfaceOrientationPortraitUpsideDown UIInterfaceOrientationLandscapeLeft UIInterfaceOrientationLandscapeRight";
				INFOPLIST_KEY_UISupportedInterfaceOrientations_iPhone = "UIInterfaceOrientationPortrait UIInterfaceOrientationLandscapeLeft UIInterfaceOrientationLandscapeRight";
				LD_RUNPATH_SEARCH_PATHS = (
					"$(inherited)",
					"@executable_path/Frameworks",
				);
				MARKETING_VERSION = 1.0;
				PRODUCT_BUNDLE_IDENTIFIER = com.warrd.adlani.SecureNotes;
				PRODUCT_NAME = "$(TARGET_NAME)";
				SWIFT_EMIT_LOC_STRINGS = YES;
				SWIFT_VERSION = 5.0;
				TARGETED_DEVICE_FAMILY = "1,2";
			};
			name = Release;
		};
		F3F1BD9A2C19022A00381E03 /* Debug */ = {
			isa = XCBuildConfiguration;
			buildSettings = {
				ALWAYS_EMBED_SWIFT_STANDARD_LIBRARIES = YES;
				BUNDLE_LOADER = "$(TEST_HOST)";
				CODE_SIGN_STYLE = Automatic;
				CURRENT_PROJECT_VERSION = 1;
				DEVELOPMENT_TEAM = LBJP2C8845;
				GENERATE_INFOPLIST_FILE = YES;
				IPHONEOS_DEPLOYMENT_TARGET = 17.5;
				MARKETING_VERSION = 1.0;
				PRODUCT_BUNDLE_IDENTIFIER = com.warrd.adlani.SecureNotesTests;
				PRODUCT_NAME = "$(TARGET_NAME)";
				SWIFT_EMIT_LOC_STRINGS = NO;
				SWIFT_VERSION = 5.0;
				TARGETED_DEVICE_FAMILY = "1,2";
				TEST_HOST = "$(BUILT_PRODUCTS_DIR)/SecureNotes.app/$(BUNDLE_EXECUTABLE_FOLDER_PATH)/SecureNotes";
			};
			name = Debug;
		};
		F3F1BD9B2C19022A00381E03 /* Release */ = {
			isa = XCBuildConfiguration;
			buildSettings = {
				ALWAYS_EMBED_SWIFT_STANDARD_LIBRARIES = YES;
				BUNDLE_LOADER = "$(TEST_HOST)";
				CODE_SIGN_STYLE = Automatic;
				CURRENT_PROJECT_VERSION = 1;
				DEVELOPMENT_TEAM = LBJP2C8845;
				GENERATE_INFOPLIST_FILE = YES;
				IPHONEOS_DEPLOYMENT_TARGET = 17.5;
				MARKETING_VERSION = 1.0;
				PRODUCT_BUNDLE_IDENTIFIER = com.warrd.adlani.SecureNotesTests;
				PRODUCT_NAME = "$(TARGET_NAME)";
				SWIFT_EMIT_LOC_STRINGS = NO;
				SWIFT_VERSION = 5.0;
				TARGETED_DEVICE_FAMILY = "1,2";
				TEST_HOST = "$(BUILT_PRODUCTS_DIR)/SecureNotes.app/$(BUNDLE_EXECUTABLE_FOLDER_PATH)/SecureNotes";
			};
			name = Release;
		};
		F3F1BD9D2C19022A00381E03 /* Debug */ = {
			isa = XCBuildConfiguration;
			buildSettings = {
				ALWAYS_EMBED_SWIFT_STANDARD_LIBRARIES = YES;
				CODE_SIGN_STYLE = Automatic;
				CURRENT_PROJECT_VERSION = 1;
				DEVELOPMENT_TEAM = LBJP2C8845;
				GENERATE_INFOPLIST_FILE = YES;
				MARKETING_VERSION = 1.0;
				PRODUCT_BUNDLE_IDENTIFIER = com.warrd.adlani.SecureNotesUITests;
				PRODUCT_NAME = "$(TARGET_NAME)";
				SWIFT_EMIT_LOC_STRINGS = NO;
				SWIFT_VERSION = 5.0;
				TARGETED_DEVICE_FAMILY = "1,2";
				TEST_TARGET_NAME = SecureNotes;
			};
			name = Debug;
		};
		F3F1BD9E2C19022A00381E03 /* Release */ = {
			isa = XCBuildConfiguration;
			buildSettings = {
				ALWAYS_EMBED_SWIFT_STANDARD_LIBRARIES = YES;
				CODE_SIGN_STYLE = Automatic;
				CURRENT_PROJECT_VERSION = 1;
				DEVELOPMENT_TEAM = LBJP2C8845;
				GENERATE_INFOPLIST_FILE = YES;
				MARKETING_VERSION = 1.0;
				PRODUCT_BUNDLE_IDENTIFIER = com.warrd.adlani.SecureNotesUITests;
				PRODUCT_NAME = "$(TARGET_NAME)";
				SWIFT_EMIT_LOC_STRINGS = NO;
				SWIFT_VERSION = 5.0;
				TARGETED_DEVICE_FAMILY = "1,2";
				TEST_TARGET_NAME = SecureNotes;
			};
			name = Release;
		};
/* End XCBuildConfiguration section */

/* Begin XCConfigurationList section */
		F3F1BD682C19022800381E03 /* Build configuration list for PBXProject "SecureNotes" */ = {
			isa = XCConfigurationList;
			buildConfigurations = (
				F3F1BD942C19022A00381E03 /* Debug */,
				F3F1BD952C19022A00381E03 /* Release */,
			);
			defaultConfigurationIsVisible = 0;
			defaultConfigurationName = Release;
		};
		F3F1BD962C19022A00381E03 /* Build configuration list for PBXNativeTarget "SecureNotes" */ = {
			isa = XCConfigurationList;
			buildConfigurations = (
				F3F1BD972C19022A00381E03 /* Debug */,
				F3F1BD982C19022A00381E03 /* Release */,
			);
			defaultConfigurationIsVisible = 0;
			defaultConfigurationName = Release;
		};
		F3F1BD992C19022A00381E03 /* Build configuration list for PBXNativeTarget "SecureNotesTests" */ = {
			isa = XCConfigurationList;
			buildConfigurations = (
				F3F1BD9A2C19022A00381E03 /* Debug */,
				F3F1BD9B2C19022A00381E03 /* Release */,
			);
			defaultConfigurationIsVisible = 0;
			defaultConfigurationName = Release;
		};
		F3F1BD9C2C19022A00381E03 /* Build configuration list for PBXNativeTarget "SecureNotesUITests" */ = {
			isa = XCConfigurationList;
			buildConfigurations = (
				F3F1BD9D2C19022A00381E03 /* Debug */,
				F3F1BD9E2C19022A00381E03 /* Release */,
			);
			defaultConfigurationIsVisible = 0;
			defaultConfigurationName = Release;
		};
/* End XCConfigurationList section */
	};
	rootObject = F3F1BD652C19022800381E03 /* Project object */;
}
