// !$*UTF8*$!
{
	archiveVersion = 1;
	classes = {
	};
	objectVersion = 56;
	objects = {

/* Begin PBXBuildFile section */
		F3F1BE232C1902F800381E03 /* PresentationKit.docc in Sources */ = {isa = PBXBuildFile; fileRef = F3F1BE222C1902F800381E03 /* PresentationKit.docc */; };
		F3F1BE292C1902F800381E03 /* PresentationKit.framework in Frameworks */ = {isa = PBXBuildFile; fileRef = F3F1BE1E2C1902F800381E03 /* PresentationKit.framework */; };
		F3F1BE2E2C1902F800381E03 /* PresentationKitTests.swift in Sources */ = {isa = PBXBuildFile; fileRef = F3F1BE2D2C1902F800381E03 /* PresentationKitTests.swift */; };
		F3F1BE2F2C1902F800381E03 /* PresentationKit.h in Headers */ = {isa = PBXBuildFile; fileRef = F3F1BE212C1902F800381E03 /* PresentationKit.h */; settings = {ATTRIBUTES = (Public, ); }; };
		F3F1BEB52C19E54500381E03 /* AppLogoView.swift in Sources */ = {isa = PBXBuildFile; fileRef = F3F1BEB42C19E54500381E03 /* AppLogoView.swift */; };
/* End PBXBuildFile section */

/* Begin PBXContainerItemProxy section */
		F3F1BE2A2C1902F800381E03 /* PBXContainerItemProxy */ = {
			isa = PBXContainerItemProxy;
			containerPortal = F3F1BE152C1902F700381E03 /* Project object */;
			proxyType = 1;
			remoteGlobalIDString = F3F1BE1D2C1902F800381E03;
			remoteInfo = PresentationKit;
		};
/* End PBXContainerItemProxy section */

/* Begin PBXFileReference section */
		F3F1BE1E2C1902F800381E03 /* PresentationKit.framework */ = {isa = PBXFileReference; explicitFileType = wrapper.framework; includeInIndex = 0; path = PresentationKit.framework; sourceTree = BUILT_PRODUCTS_DIR; };
		F3F1BE212C1902F800381E03 /* PresentationKit.h */ = {isa = PBXFileReference; lastKnownFileType = sourcecode.c.h; path = PresentationKit.h; sourceTree = "<group>"; };
		F3F1BE222C1902F800381E03 /* PresentationKit.docc */ = {isa = PBXFileReference; lastKnownFileType = folder.documentationcatalog; path = PresentationKit.docc; sourceTree = "<group>"; };
		F3F1BE282C1902F800381E03 /* PresentationKitTests.xctest */ = {isa = PBXFileReference; explicitFileType = wrapper.cfbundle; includeInIndex = 0; path = PresentationKitTests.xctest; sourceTree = BUILT_PRODUCTS_DIR; };
		F3F1BE2D2C1902F800381E03 /* PresentationKitTests.swift */ = {isa = PBXFileReference; lastKnownFileType = sourcecode.swift; path = PresentationKitTests.swift; sourceTree = "<group>"; };
		F3F1BEB42C19E54500381E03 /* AppLogoView.swift */ = {isa = PBXFileReference; lastKnownFileType = sourcecode.swift; path = AppLogoView.swift; sourceTree = "<group>"; };
/* End PBXFileReference section */

/* Begin PBXFrameworksBuildPhase section */
		F3F1BE1B2C1902F800381E03 /* Frameworks */ = {
			isa = PBXFrameworksBuildPhase;
			buildActionMask = 2147483647;
			files = (
			);
			runOnlyForDeploymentPostprocessing = 0;
		};
		F3F1BE252C1902F800381E03 /* Frameworks */ = {
			isa = PBXFrameworksBuildPhase;
			buildActionMask = 2147483647;
			files = (
				F3F1BE292C1902F800381E03 /* PresentationKit.framework in Frameworks */,
			);
			runOnlyForDeploymentPostprocessing = 0;
		};
/* End PBXFrameworksBuildPhase section */

/* Begin PBXGroup section */
		F3F1BE142C1902F700381E03 = {
			isa = PBXGroup;
			children = (
				F3F1BE202C1902F800381E03 /* PresentationKit */,
				F3F1BE2C2C1902F800381E03 /* PresentationKitTests */,
				F3F1BE1F2C1902F800381E03 /* Products */,
			);
			sourceTree = "<group>";
		};
		F3F1BE1F2C1902F800381E03 /* Products */ = {
			isa = PBXGroup;
			children = (
				F3F1BE1E2C1902F800381E03 /* PresentationKit.framework */,
				F3F1BE282C1902F800381E03 /* PresentationKitTests.xctest */,
			);
			name = Products;
			sourceTree = "<group>";
		};
		F3F1BE202C1902F800381E03 /* PresentationKit */ = {
			isa = PBXGroup;
			children = (
				F3F1BE212C1902F800381E03 /* PresentationKit.h */,
				F3F1BEB42C19E54500381E03 /* AppLogoView.swift */,
				F3F1BE222C1902F800381E03 /* PresentationKit.docc */,
			);
			path = PresentationKit;
			sourceTree = "<group>";
		};
		F3F1BE2C2C1902F800381E03 /* PresentationKitTests */ = {
			isa = PBXGroup;
			children = (
				F3F1BE2D2C1902F800381E03 /* PresentationKitTests.swift */,
			);
			path = PresentationKitTests;
			sourceTree = "<group>";
		};
/* End PBXGroup section */

/* Begin PBXHeadersBuildPhase section */
		F3F1BE192C1902F800381E03 /* Headers */ = {
			isa = PBXHeadersBuildPhase;
			buildActionMask = 2147483647;
			files = (
				F3F1BE2F2C1902F800381E03 /* PresentationKit.h in Headers */,
			);
			runOnlyForDeploymentPostprocessing = 0;
		};
/* End PBXHeadersBuildPhase section */

/* Begin PBXNativeTarget section */
		F3F1BE1D2C1902F800381E03 /* PresentationKit */ = {
			isa = PBXNativeTarget;
			buildConfigurationList = F3F1BE322C1902F800381E03 /* Build configuration list for PBXNativeTarget "PresentationKit" */;
			buildPhases = (
				F3F1BE192C1902F800381E03 /* Headers */,
				F3F1BE1A2C1902F800381E03 /* Sources */,
				F3F1BE1B2C1902F800381E03 /* Frameworks */,
				F3F1BE1C2C1902F800381E03 /* Resources */,
			);
			buildRules = (
			);
			dependencies = (
			);
			name = PresentationKit;
			productName = PresentationKit;
			productReference = F3F1BE1E2C1902F800381E03 /* PresentationKit.framework */;
			productType = "com.apple.product-type.framework";
		};
		F3F1BE272C1902F800381E03 /* PresentationKitTests */ = {
			isa = PBXNativeTarget;
			buildConfigurationList = F3F1BE352C1902F800381E03 /* Build configuration list for PBXNativeTarget "PresentationKitTests" */;
			buildPhases = (
				F3F1BE242C1902F800381E03 /* Sources */,
				F3F1BE252C1902F800381E03 /* Frameworks */,
				F3F1BE262C1902F800381E03 /* Resources */,
			);
			buildRules = (
			);
			dependencies = (
				F3F1BE2B2C1902F800381E03 /* PBXTargetDependency */,
			);
			name = PresentationKitTests;
			productName = PresentationKitTests;
			productReference = F3F1BE282C1902F800381E03 /* PresentationKitTests.xctest */;
			productType = "com.apple.product-type.bundle.unit-test";
		};
/* End PBXNativeTarget section */

/* Begin PBXProject section */
		F3F1BE152C1902F700381E03 /* Project object */ = {
			isa = PBXProject;
			attributes = {
				BuildIndependentTargetsInParallel = 1;
				LastSwiftUpdateCheck = 1540;
				LastUpgradeCheck = 1540;
				TargetAttributes = {
					F3F1BE1D2C1902F800381E03 = {
						CreatedOnToolsVersion = 15.4;
					};
					F3F1BE272C1902F800381E03 = {
						CreatedOnToolsVersion = 15.4;
					};
				};
			};
			buildConfigurationList = F3F1BE182C1902F700381E03 /* Build configuration list for PBXProject "PresentationKit" */;
			compatibilityVersion = "Xcode 14.0";
			developmentRegion = en;
			hasScannedForEncodings = 0;
			knownRegions = (
				en,
				Base,
			);
			mainGroup = F3F1BE142C1902F700381E03;
			productRefGroup = F3F1BE1F2C1902F800381E03 /* Products */;
			projectDirPath = "";
			projectRoot = "";
			targets = (
				F3F1BE1D2C1902F800381E03 /* PresentationKit */,
				F3F1BE272C1902F800381E03 /* PresentationKitTests */,
			);
		};
/* End PBXProject section */

/* Begin PBXResourcesBuildPhase section */
		F3F1BE1C2C1902F800381E03 /* Resources */ = {
			isa = PBXResourcesBuildPhase;
			buildActionMask = 2147483647;
			files = (
			);
			runOnlyForDeploymentPostprocessing = 0;
		};
		F3F1BE262C1902F800381E03 /* Resources */ = {
			isa = PBXResourcesBuildPhase;
			buildActionMask = 2147483647;
			files = (
			);
			runOnlyForDeploymentPostprocessing = 0;
		};
/* End PBXResourcesBuildPhase section */

/* Begin PBXSourcesBuildPhase section */
		F3F1BE1A2C1902F800381E03 /* Sources */ = {
			isa = PBXSourcesBuildPhase;
			buildActionMask = 2147483647;
			files = (
				F3F1BE232C1902F800381E03 /* PresentationKit.docc in Sources */,
				F3F1BEB52C19E54500381E03 /* AppLogoView.swift in Sources */,
			);
			runOnlyForDeploymentPostprocessing = 0;
		};
		F3F1BE242C1902F800381E03 /* Sources */ = {
			isa = PBXSourcesBuildPhase;
			buildActionMask = 2147483647;
			files = (
				F3F1BE2E2C1902F800381E03 /* PresentationKitTests.swift in Sources */,
			);
			runOnlyForDeploymentPostprocessing = 0;
		};
/* End PBXSourcesBuildPhase section */

/* Begin PBXTargetDependency section */
		F3F1BE2B2C1902F800381E03 /* PBXTargetDependency */ = {
			isa = PBXTargetDependency;
			target = F3F1BE1D2C1902F800381E03 /* PresentationKit */;
			targetProxy = F3F1BE2A2C1902F800381E03 /* PBXContainerItemProxy */;
		};
/* End PBXTargetDependency section */

/* Begin XCBuildConfiguration section */
		F3F1BE302C1902F800381E03 /* Debug */ = {
			isa = XCBuildConfiguration;
			buildSettings = {
				ALWAYS_SEARCH_USER_PATHS = NO;
				ASSETCATALOG_COMPILER_GENERATE_SWIFT_ASSET_SYMBOL_EXTENSIONS = YES;
				CLANG_ANALYZER_NONNULL = YES;
				CLANG_ANALYZER_NUMBER_OBJECT_CONVERSION = YES_AGGRESSIVE;
				CLANG_CXX_LANGUAGE_STANDARD = "gnu++20";
				CLANG_ENABLE_MODULES = YES;
				CLANG_ENABLE_OBJC_ARC = YES;
				CLANG_ENABLE_OBJC_WEAK = YES;
				CLANG_WARN_BLOCK_CAPTURE_AUTORELEASING = YES;
				CLANG_WARN_BOOL_CONVERSION = YES;
				CLANG_WARN_COMMA = YES;
				CLANG_WARN_CONSTANT_CONVERSION = YES;
				CLANG_WARN_DEPRECATED_OBJC_IMPLEMENTATIONS = YES;
				CLANG_WARN_DIRECT_OBJC_ISA_USAGE = YES_ERROR;
				CLANG_WARN_DOCUMENTATION_COMMENTS = YES;
				CLANG_WARN_EMPTY_BODY = YES;
				CLANG_WARN_ENUM_CONVERSION = YES;
				CLANG_WARN_INFINITE_RECURSION = YES;
				CLANG_WARN_INT_CONVERSION = YES;
				CLANG_WARN_NON_LITERAL_NULL_CONVERSION = YES;
				CLANG_WARN_OBJC_IMPLICIT_RETAIN_SELF = YES;
				CLANG_WARN_OBJC_LITERAL_CONVERSION = YES;
				CLANG_WARN_OBJC_ROOT_CLASS = YES_ERROR;
				CLANG_WARN_QUOTED_INCLUDE_IN_FRAMEWORK_HEADER = YES;
				CLANG_WARN_RANGE_LOOP_ANALYSIS = YES;
				CLANG_WARN_STRICT_PROTOTYPES = YES;
				CLANG_WARN_SUSPICIOUS_MOVE = YES;
				CLANG_WARN_UNGUARDED_AVAILABILITY = YES_AGGRESSIVE;
				CLANG_WARN_UNREACHABLE_CODE = YES;
				CLANG_WARN__DUPLICATE_METHOD_MATCH = YES;
				COPY_PHASE_STRIP = NO;
				CURRENT_PROJECT_VERSION = 1;
				DEBUG_INFORMATION_FORMAT = dwarf;
				ENABLE_STRICT_OBJC_MSGSEND = YES;
				ENABLE_TESTABILITY = YES;
				ENABLE_USER_SCRIPT_SANDBOXING = YES;
				GCC_C_LANGUAGE_STANDARD = gnu17;
				GCC_DYNAMIC_NO_PIC = NO;
				GCC_NO_COMMON_BLOCKS = YES;
				GCC_OPTIMIZATION_LEVEL = 0;
				GCC_PREPROCESSOR_DEFINITIONS = (
					"DEBUG=1",
					"$(inherited)",
				);
				GCC_WARN_64_TO_32_BIT_CONVERSION = YES;
				GCC_WARN_ABOUT_RETURN_TYPE = YES_ERROR;
				GCC_WARN_UNDECLARED_SELECTOR = YES;
				GCC_WARN_UNINITIALIZED_AUTOS = YES_AGGRESSIVE;
				GCC_WARN_UNUSED_FUNCTION = YES;
				GCC_WARN_UNUSED_VARIABLE = YES;
				IPHONEOS_DEPLOYMENT_TARGET = 17.5;
				LOCALIZATION_PREFERS_STRING_CATALOGS = YES;
				MTL_ENABLE_DEBUG_INFO = INCLUDE_SOURCE;
				MTL_FAST_MATH = YES;
				ONLY_ACTIVE_ARCH = YES;
				SDKROOT = iphoneos;
				SWIFT_ACTIVE_COMPILATION_CONDITIONS = "DEBUG $(inherited)";
				SWIFT_OPTIMIZATION_LEVEL = "-Onone";
				VERSIONING_SYSTEM = "apple-generic";
				VERSION_INFO_PREFIX = "";
			};
			name = Debug;
		};
		F3F1BE312C1902F800381E03 /* Release */ = {
			isa = XCBuildConfiguration;
			buildSettings = {
				ALWAYS_SEARCH_USER_PATHS = NO;
				ASSETCATALOG_COMPILER_GENERATE_SWIFT_ASSET_SYMBOL_EXTENSIONS = YES;
				CLANG_ANALYZER_NONNULL = YES;
				CLANG_ANALYZER_NUMBER_OBJECT_CONVERSION = YES_AGGRESSIVE;
				CLANG_CXX_LANGUAGE_STANDARD = "gnu++20";
				CLANG_ENABLE_MODULES = YES;
				CLANG_ENABLE_OBJC_ARC = YES;
				CLANG_ENABLE_OBJC_WEAK = YES;
				CLANG_WARN_BLOCK_CAPTURE_AUTORELEASING = YES;
				CLANG_WARN_BOOL_CONVERSION = YES;
				CLANG_WARN_COMMA = YES;
				CLANG_WARN_CONSTANT_CONVERSION = YES;
				CLANG_WARN_DEPRECATED_OBJC_IMPLEMENTATIONS = YES;
				CLANG_WARN_DIRECT_OBJC_ISA_USAGE = YES_ERROR;
				CLANG_WARN_DOCUMENTATION_COMMENTS = YES;
				CLANG_WARN_EMPTY_BODY = YES;
				CLANG_WARN_ENUM_CONVERSION = YES;
				CLANG_WARN_INFINITE_RECURSION = YES;
				CLANG_WARN_INT_CONVERSION = YES;
				CLANG_WARN_NON_LITERAL_NULL_CONVERSION = YES;
				CLANG_WARN_OBJC_IMPLICIT_RETAIN_SELF = YES;
				CLANG_WARN_OBJC_LITERAL_CONVERSION = YES;
				CLANG_WARN_OBJC_ROOT_CLASS = YES_ERROR;
				CLANG_WARN_QUOTED_INCLUDE_IN_FRAMEWORK_HEADER = YES;
				CLANG_WARN_RANGE_LOOP_ANALYSIS = YES;
				CLANG_WARN_STRICT_PROTOTYPES = YES;
				CLANG_WARN_SUSPICIOUS_MOVE = YES;
				CLANG_WARN_UNGUARDED_AVAILABILITY = YES_AGGRESSIVE;
				CLANG_WARN_UNREACHABLE_CODE = YES;
				CLANG_WARN__DUPLICATE_METHOD_MATCH = YES;
				COPY_PHASE_STRIP = NO;
				CURRENT_PROJECT_VERSION = 1;
				DEBUG_INFORMATION_FORMAT = "dwarf-with-dsym";
				ENABLE_NS_ASSERTIONS = NO;
				ENABLE_STRICT_OBJC_MSGSEND = YES;
				ENABLE_USER_SCRIPT_SANDBOXING = YES;
				GCC_C_LANGUAGE_STANDARD = gnu17;
				GCC_NO_COMMON_BLOCKS = YES;
				GCC_WARN_64_TO_32_BIT_CONVERSION = YES;
				GCC_WARN_ABOUT_RETURN_TYPE = YES_ERROR;
				GCC_WARN_UNDECLARED_SELECTOR = YES;
				GCC_WARN_UNINITIALIZED_AUTOS = YES_AGGRESSIVE;
				GCC_WARN_UNUSED_FUNCTION = YES;
				GCC_WARN_UNUSED_VARIABLE = YES;
				IPHONEOS_DEPLOYMENT_TARGET = 17.5;
				LOCALIZATION_PREFERS_STRING_CATALOGS = YES;
				MTL_ENABLE_DEBUG_INFO = NO;
				MTL_FAST_MATH = YES;
				SDKROOT = iphoneos;
				SWIFT_COMPILATION_MODE = wholemodule;
				VALIDATE_PRODUCT = YES;
				VERSIONING_SYSTEM = "apple-generic";
				VERSION_INFO_PREFIX = "";
			};
			name = Release;
		};
		F3F1BE332C1902F800381E03 /* Debug */ = {
			isa = XCBuildConfiguration;
			buildSettings = {
				BUILD_LIBRARY_FOR_DISTRIBUTION = YES;
				CODE_SIGN_STYLE = Automatic;
				CURRENT_PROJECT_VERSION = 1;
				DEFINES_MODULE = YES;
				DEVELOPMENT_TEAM = LBJP2C8845;
				DYLIB_COMPATIBILITY_VERSION = 1;
				DYLIB_CURRENT_VERSION = 1;
				DYLIB_INSTALL_NAME_BASE = "@rpath";
				ENABLE_MODULE_VERIFIER = YES;
				GENERATE_INFOPLIST_FILE = YES;
				INFOPLIST_KEY_NSHumanReadableCopyright = "";
				INSTALL_PATH = "$(LOCAL_LIBRARY_DIR)/Frameworks";
				LD_RUNPATH_SEARCH_PATHS = (
					"$(inherited)",
					"@executable_path/Frameworks",
					"@loader_path/Frameworks",
				);
				MARKETING_VERSION = 1.0;
				MODULE_VERIFIER_SUPPORTED_LANGUAGES = "objective-c objective-c++";
				MODULE_VERIFIER_SUPPORTED_LANGUAGE_STANDARDS = "gnu17 gnu++20";
				PRODUCT_BUNDLE_IDENTIFIER = com.warrd.adlani.PresentationKit;
				PRODUCT_NAME = "$(TARGET_NAME:c99extidentifier)";
				SKIP_INSTALL = YES;
				SWIFT_EMIT_LOC_STRINGS = YES;
				SWIFT_INSTALL_OBJC_HEADER = NO;
				SWIFT_VERSION = 5.0;
				TARGETED_DEVICE_FAMILY = "1,2";
			};
			name = Debug;
		};
		F3F1BE342C1902F800381E03 /* Release */ = {
			isa = XCBuildConfiguration;
			buildSettings = {
				BUILD_LIBRARY_FOR_DISTRIBUTION = YES;
				CODE_SIGN_STYLE = Automatic;
				CURRENT_PROJECT_VERSION = 1;
				DEFINES_MODULE = YES;
				DEVELOPMENT_TEAM = LBJP2C8845;
				DYLIB_COMPATIBILITY_VERSION = 1;
				DYLIB_CURRENT_VERSION = 1;
				DYLIB_INSTALL_NAME_BASE = "@rpath";
				ENABLE_MODULE_VERIFIER = YES;
				GENERATE_INFOPLIST_FILE = YES;
				INFOPLIST_KEY_NSHumanReadableCopyright = "";
				INSTALL_PATH = "$(LOCAL_LIBRARY_DIR)/Frameworks";
				LD_RUNPATH_SEARCH_PATHS = (
					"$(inherited)",
					"@executable_path/Frameworks",
					"@loader_path/Frameworks",
				);
				MARKETING_VERSION = 1.0;
				MODULE_VERIFIER_SUPPORTED_LANGUAGES = "objective-c objective-c++";
				MODULE_VERIFIER_SUPPORTED_LANGUAGE_STANDARDS = "gnu17 gnu++20";
				PRODUCT_BUNDLE_IDENTIFIER = com.warrd.adlani.PresentationKit;
				PRODUCT_NAME = "$(TARGET_NAME:c99extidentifier)";
				SKIP_INSTALL = YES;
				SWIFT_EMIT_LOC_STRINGS = YES;
				SWIFT_INSTALL_OBJC_HEADER = NO;
				SWIFT_VERSION = 5.0;
				TARGETED_DEVICE_FAMILY = "1,2";
			};
			name = Release;
		};
		F3F1BE362C1902F800381E03 /* Debug */ = {
			isa = XCBuildConfiguration;
			buildSettings = {
				ALWAYS_EMBED_SWIFT_STANDARD_LIBRARIES = YES;
				CODE_SIGN_STYLE = Automatic;
				CURRENT_PROJECT_VERSION = 1;
				DEVELOPMENT_TEAM = LBJP2C8845;
				GENERATE_INFOPLIST_FILE = YES;
				MARKETING_VERSION = 1.0;
				PRODUCT_BUNDLE_IDENTIFIER = com.warrd.adlani.PresentationKitTests;
				PRODUCT_NAME = "$(TARGET_NAME)";
				SWIFT_EMIT_LOC_STRINGS = NO;
				SWIFT_VERSION = 5.0;
				TARGETED_DEVICE_FAMILY = "1,2";
			};
			name = Debug;
		};
		F3F1BE372C1902F800381E03 /* Release */ = {
			isa = XCBuildConfiguration;
			buildSettings = {
				ALWAYS_EMBED_SWIFT_STANDARD_LIBRARIES = YES;
				CODE_SIGN_STYLE = Automatic;
				CURRENT_PROJECT_VERSION = 1;
				DEVELOPMENT_TEAM = LBJP2C8845;
				GENERATE_INFOPLIST_FILE = YES;
				MARKETING_VERSION = 1.0;
				PRODUCT_BUNDLE_IDENTIFIER = com.warrd.adlani.PresentationKitTests;
				PRODUCT_NAME = "$(TARGET_NAME)";
				SWIFT_EMIT_LOC_STRINGS = NO;
				SWIFT_VERSION = 5.0;
				TARGETED_DEVICE_FAMILY = "1,2";
			};
			name = Release;
		};
/* End XCBuildConfiguration section */

/* Begin XCConfigurationList section */
		F3F1BE182C1902F700381E03 /* Build configuration list for PBXProject "PresentationKit" */ = {
			isa = XCConfigurationList;
			buildConfigurations = (
				F3F1BE302C1902F800381E03 /* Debug */,
				F3F1BE312C1902F800381E03 /* Release */,
			);
			defaultConfigurationIsVisible = 0;
			defaultConfigurationName = Release;
		};
		F3F1BE322C1902F800381E03 /* Build configuration list for PBXNativeTarget "PresentationKit" */ = {
			isa = XCConfigurationList;
			buildConfigurations = (
				F3F1BE332C1902F800381E03 /* Debug */,
				F3F1BE342C1902F800381E03 /* Release */,
			);
			defaultConfigurationIsVisible = 0;
			defaultConfigurationName = Release;
		};
		F3F1BE352C1902F800381E03 /* Build configuration list for PBXNativeTarget "PresentationKitTests" */ = {
			isa = XCConfigurationList;
			buildConfigurations = (
				F3F1BE362C1902F800381E03 /* Debug */,
				F3F1BE372C1902F800381E03 /* Release */,
			);
			defaultConfigurationIsVisible = 0;
			defaultConfigurationName = Release;
		};
/* End XCConfigurationList section */
	};
	rootObject = F3F1BE152C1902F700381E03 /* Project object */;
}
