// !$*UTF8*$!
{
	archiveVersion = 1;
	classes = {
	};
	objectVersion = 56;
	objects = {

/* Begin PBXBuildFile section */
		F3F1BDFD2C1902B500381E03 /* DomainKit.docc in Sources */ = {isa = PBXBuildFile; fileRef = F3F1BDFC2C1902B500381E03 /* DomainKit.docc */; };
		F3F1BE032C1902B500381E03 /* DomainKit.framework in Frameworks */ = {isa = PBXBuildFile; fileRef = F3F1BDF82C1902B500381E03 /* DomainKit.framework */; };
		F3F1BE082C1902B500381E03 /* DomainKitTests.swift in Sources */ = {isa = PBXBuildFile; fileRef = F3F1BE072C1902B500381E03 /* DomainKitTests.swift */; };
		F3F1BE092C1902B500381E03 /* DomainKit.h in Headers */ = {isa = PBXBuildFile; fileRef = F3F1BDFB2C1902B500381E03 /* DomainKit.h */; settings = {ATTRIBUTES = (Public, ); }; };
		F3F1BE132C1902BD00381E03 /* Notes.swift in Sources */ = {isa = PBXBuildFile; fileRef = F3F1BE122C1902BD00381E03 /* Notes.swift */; };
/* End PBXBuildFile section */

/* Begin PBXContainerItemProxy section */
		F3F1BE042C1902B500381E03 /* PBXContainerItemProxy */ = {
			isa = PBXContainerItemProxy;
			containerPortal = F3F1BDEF2C1902B500381E03 /* Project object */;
			proxyType = 1;
			remoteGlobalIDString = F3F1BDF72C1902B500381E03;
			remoteInfo = DomainKit;
		};
/* End PBXContainerItemProxy section */

/* Begin PBXFileReference section */
		F3F1BDF82C1902B500381E03 /* DomainKit.framework */ = {isa = PBXFileReference; explicitFileType = wrapper.framework; includeInIndex = 0; path = DomainKit.framework; sourceTree = BUILT_PRODUCTS_DIR; };
		F3F1BDFB2C1902B500381E03 /* DomainKit.h */ = {isa = PBXFileReference; lastKnownFileType = sourcecode.c.h; path = DomainKit.h; sourceTree = "<group>"; };
		F3F1BDFC2C1902B500381E03 /* DomainKit.docc */ = {isa = PBXFileReference; lastKnownFileType = folder.documentationcatalog; path = DomainKit.docc; sourceTree = "<group>"; };
		F3F1BE022C1902B500381E03 /* DomainKitTests.xctest */ = {isa = PBXFileReference; explicitFileType = wrapper.cfbundle; includeInIndex = 0; path = DomainKitTests.xctest; sourceTree = BUILT_PRODUCTS_DIR; };
		F3F1BE072C1902B500381E03 /* DomainKitTests.swift */ = {isa = PBXFileReference; lastKnownFileType = sourcecode.swift; path = DomainKitTests.swift; sourceTree = "<group>"; };
		F3F1BE122C1902BD00381E03 /* Notes.swift */ = {isa = PBXFileReference; lastKnownFileType = sourcecode.swift; path = Notes.swift; sourceTree = "<group>"; };
/* End PBXFileReference section */

/* Begin PBXFrameworksBuildPhase section */
		F3F1BDF52C1902B500381E03 /* Frameworks */ = {
			isa = PBXFrameworksBuildPhase;
			buildActionMask = 2147483647;
			files = (
			);
			runOnlyForDeploymentPostprocessing = 0;
		};
		F3F1BDFF2C1902B500381E03 /* Frameworks */ = {
			isa = PBXFrameworksBuildPhase;
			buildActionMask = 2147483647;
			files = (
				F3F1BE032C1902B500381E03 /* DomainKit.framework in Frameworks */,
			);
			runOnlyForDeploymentPostprocessing = 0;
		};
/* End PBXFrameworksBuildPhase section */

/* Begin PBXGroup section */
		F3F1BDEE2C1902B500381E03 = {
			isa = PBXGroup;
			children = (
				F3F1BDFA2C1902B500381E03 /* DomainKit */,
				F3F1BE062C1902B500381E03 /* DomainKitTests */,
				F3F1BDF92C1902B500381E03 /* Products */,
			);
			sourceTree = "<group>";
		};
		F3F1BDF92C1902B500381E03 /* Products */ = {
			isa = PBXGroup;
			children = (
				F3F1BDF82C1902B500381E03 /* DomainKit.framework */,
				F3F1BE022C1902B500381E03 /* DomainKitTests.xctest */,
			);
			name = Products;
			sourceTree = "<group>";
		};
		F3F1BDFA2C1902B500381E03 /* DomainKit */ = {
			isa = PBXGroup;
			children = (
				F3F1BDFB2C1902B500381E03 /* DomainKit.h */,
				F3F1BE122C1902BD00381E03 /* Notes.swift */,
				F3F1BDFC2C1902B500381E03 /* DomainKit.docc */,
			);
			path = DomainKit;
			sourceTree = "<group>";
		};
		F3F1BE062C1902B500381E03 /* DomainKitTests */ = {
			isa = PBXGroup;
			children = (
				F3F1BE072C1902B500381E03 /* DomainKitTests.swift */,
			);
			path = DomainKitTests;
			sourceTree = "<group>";
		};
/* End PBXGroup section */

/* Begin PBXHeadersBuildPhase section */
		F3F1BDF32C1902B500381E03 /* Headers */ = {
			isa = PBXHeadersBuildPhase;
			buildActionMask = 2147483647;
			files = (
				F3F1BE092C1902B500381E03 /* DomainKit.h in Headers */,
			);
			runOnlyForDeploymentPostprocessing = 0;
		};
/* End PBXHeadersBuildPhase section */

/* Begin PBXNativeTarget section */
		F3F1BDF72C1902B500381E03 /* DomainKit */ = {
			isa = PBXNativeTarget;
			buildConfigurationList = F3F1BE0C2C1902B500381E03 /* Build configuration list for PBXNativeTarget "DomainKit" */;
			buildPhases = (
				F3F1BDF32C1902B500381E03 /* Headers */,
				F3F1BDF42C1902B500381E03 /* Sources */,
				F3F1BDF52C1902B500381E03 /* Frameworks */,
				F3F1BDF62C1902B500381E03 /* Resources */,
			);
			buildRules = (
			);
			dependencies = (
			);
			name = DomainKit;
			productName = DomainKit;
			productReference = F3F1BDF82C1902B500381E03 /* DomainKit.framework */;
			productType = "com.apple.product-type.framework";
		};
		F3F1BE012C1902B500381E03 /* DomainKitTests */ = {
			isa = PBXNativeTarget;
			buildConfigurationList = F3F1BE0F2C1902B500381E03 /* Build configuration list for PBXNativeTarget "DomainKitTests" */;
			buildPhases = (
				F3F1BDFE2C1902B500381E03 /* Sources */,
				F3F1BDFF2C1902B500381E03 /* Frameworks */,
				F3F1BE002C1902B500381E03 /* Resources */,
			);
			buildRules = (
			);
			dependencies = (
				F3F1BE052C1902B500381E03 /* PBXTargetDependency */,
			);
			name = DomainKitTests;
			productName = DomainKitTests;
			productReference = F3F1BE022C1902B500381E03 /* DomainKitTests.xctest */;
			productType = "com.apple.product-type.bundle.unit-test";
		};
/* End PBXNativeTarget section */

/* Begin PBXProject section */
		F3F1BDEF2C1902B500381E03 /* Project object */ = {
			isa = PBXProject;
			attributes = {
				BuildIndependentTargetsInParallel = 1;
				LastSwiftUpdateCheck = 1540;
				LastUpgradeCheck = 1540;
				TargetAttributes = {
					F3F1BDF72C1902B500381E03 = {
						CreatedOnToolsVersion = 15.4;
					};
					F3F1BE012C1902B500381E03 = {
						CreatedOnToolsVersion = 15.4;
					};
				};
			};
			buildConfigurationList = F3F1BDF22C1902B500381E03 /* Build configuration list for PBXProject "DomainKit" */;
			compatibilityVersion = "Xcode 14.0";
			developmentRegion = en;
			hasScannedForEncodings = 0;
			knownRegions = (
				en,
				Base,
			);
			mainGroup = F3F1BDEE2C1902B500381E03;
			productRefGroup = F3F1BDF92C1902B500381E03 /* Products */;
			projectDirPath = "";
			projectRoot = "";
			targets = (
				F3F1BDF72C1902B500381E03 /* DomainKit */,
				F3F1BE012C1902B500381E03 /* DomainKitTests */,
			);
		};
/* End PBXProject section */

/* Begin PBXResourcesBuildPhase section */
		F3F1BDF62C1902B500381E03 /* Resources */ = {
			isa = PBXResourcesBuildPhase;
			buildActionMask = 2147483647;
			files = (
			);
			runOnlyForDeploymentPostprocessing = 0;
		};
		F3F1BE002C1902B500381E03 /* Resources */ = {
			isa = PBXResourcesBuildPhase;
			buildActionMask = 2147483647;
			files = (
			);
			runOnlyForDeploymentPostprocessing = 0;
		};
/* End PBXResourcesBuildPhase section */

/* Begin PBXSourcesBuildPhase section */
		F3F1BDF42C1902B500381E03 /* Sources */ = {
			isa = PBXSourcesBuildPhase;
			buildActionMask = 2147483647;
			files = (
				F3F1BDFD2C1902B500381E03 /* DomainKit.docc in Sources */,
				F3F1BE132C1902BD00381E03 /* Notes.swift in Sources */,
			);
			runOnlyForDeploymentPostprocessing = 0;
		};
		F3F1BDFE2C1902B500381E03 /* Sources */ = {
			isa = PBXSourcesBuildPhase;
			buildActionMask = 2147483647;
			files = (
				F3F1BE082C1902B500381E03 /* DomainKitTests.swift in Sources */,
			);
			runOnlyForDeploymentPostprocessing = 0;
		};
/* End PBXSourcesBuildPhase section */

/* Begin PBXTargetDependency section */
		F3F1BE052C1902B500381E03 /* PBXTargetDependency */ = {
			isa = PBXTargetDependency;
			target = F3F1BDF72C1902B500381E03 /* DomainKit */;
			targetProxy = F3F1BE042C1902B500381E03 /* PBXContainerItemProxy */;
		};
/* End PBXTargetDependency section */

/* Begin XCBuildConfiguration section */
		F3F1BE0A2C1902B500381E03 /* Debug */ = {
			isa = XCBuildConfiguration;
			buildSettings = {
				ALWAYS_SEARCH_USER_PATHS = NO;
				ASSETCATALOG_COMPILER_GENERATE_SWIFT_ASSET_SYMBOL_EXTENSIONS = YES;
				CLANG_ANALYZER_NONNULL = YES;
				CLANG_ANALYZER_NUMBER_OBJECT_CONVERSION = YES_AGGRESSIVE;
				CLANG_CXX_LANGUAGE_STANDARD = "gnu++20";
				CLANG_ENABLE_MODULES = YES;
				CLANG_ENABLE_OBJC_ARC = YES;
				CLANG_ENABLE_OBJC_WEAK = YES;
				CLANG_WARN_BLOCK_CAPTURE_AUTORELEASING = YES;
				CLANG_WARN_BOOL_CONVERSION = YES;
				CLANG_WARN_COMMA = YES;
				CLANG_WARN_CONSTANT_CONVERSION = YES;
				CLANG_WARN_DEPRECATED_OBJC_IMPLEMENTATIONS = YES;
				CLANG_WARN_DIRECT_OBJC_ISA_USAGE = YES_ERROR;
				CLANG_WARN_DOCUMENTATION_COMMENTS = YES;
				CLANG_WARN_EMPTY_BODY = YES;
				CLANG_WARN_ENUM_CONVERSION = YES;
				CLANG_WARN_INFINITE_RECURSION = YES;
				CLANG_WARN_INT_CONVERSION = YES;
				CLANG_WARN_NON_LITERAL_NULL_CONVERSION = YES;
				CLANG_WARN_OBJC_IMPLICIT_RETAIN_SELF = YES;
				CLANG_WARN_OBJC_LITERAL_CONVERSION = YES;
				CLANG_WARN_OBJC_ROOT_CLASS = YES_ERROR;
				CLANG_WARN_QUOTED_INCLUDE_IN_FRAMEWORK_HEADER = YES;
				CLANG_WARN_RANGE_LOOP_ANALYSIS = YES;
				CLANG_WARN_STRICT_PROTOTYPES = YES;
				CLANG_WARN_SUSPICIOUS_MOVE = YES;
				CLANG_WARN_UNGUARDED_AVAILABILITY = YES_AGGRESSIVE;
				CLANG_WARN_UNREACHABLE_CODE = YES;
				CLANG_WARN__DUPLICATE_METHOD_MATCH = YES;
				COPY_PHASE_STRIP = NO;
				CURRENT_PROJECT_VERSION = 1;
				DEBUG_INFORMATION_FORMAT = dwarf;
				ENABLE_STRICT_OBJC_MSGSEND = YES;
				ENABLE_TESTABILITY = YES;
				ENABLE_USER_SCRIPT_SANDBOXING = YES;
				GCC_C_LANGUAGE_STANDARD = gnu17;
				GCC_DYNAMIC_NO_PIC = NO;
				GCC_NO_COMMON_BLOCKS = YES;
				GCC_OPTIMIZATION_LEVEL = 0;
				GCC_PREPROCESSOR_DEFINITIONS = (
					"DEBUG=1",
					"$(inherited)",
				);
				GCC_WARN_64_TO_32_BIT_CONVERSION = YES;
				GCC_WARN_ABOUT_RETURN_TYPE = YES_ERROR;
				GCC_WARN_UNDECLARED_SELECTOR = YES;
				GCC_WARN_UNINITIALIZED_AUTOS = YES_AGGRESSIVE;
				GCC_WARN_UNUSED_FUNCTION = YES;
				GCC_WARN_UNUSED_VARIABLE = YES;
				IPHONEOS_DEPLOYMENT_TARGET = 17.5;
				LOCALIZATION_PREFERS_STRING_CATALOGS = YES;
				MTL_ENABLE_DEBUG_INFO = INCLUDE_SOURCE;
				MTL_FAST_MATH = YES;
				ONLY_ACTIVE_ARCH = YES;
				SDKROOT = iphoneos;
				SWIFT_ACTIVE_COMPILATION_CONDITIONS = "DEBUG $(inherited)";
				SWIFT_OPTIMIZATION_LEVEL = "-Onone";
				VERSIONING_SYSTEM = "apple-generic";
				VERSION_INFO_PREFIX = "";
			};
			name = Debug;
		};
		F3F1BE0B2C1902B500381E03 /* Release */ = {
			isa = XCBuildConfiguration;
			buildSettings = {
				ALWAYS_SEARCH_USER_PATHS = NO;
				ASSETCATALOG_COMPILER_GENERATE_SWIFT_ASSET_SYMBOL_EXTENSIONS = YES;
				CLANG_ANALYZER_NONNULL = YES;
				CLANG_ANALYZER_NUMBER_OBJECT_CONVERSION = YES_AGGRESSIVE;
				CLANG_CXX_LANGUAGE_STANDARD = "gnu++20";
				CLANG_ENABLE_MODULES = YES;
				CLANG_ENABLE_OBJC_ARC = YES;
				CLANG_ENABLE_OBJC_WEAK = YES;
				CLANG_WARN_BLOCK_CAPTURE_AUTORELEASING = YES;
				CLANG_WARN_BOOL_CONVERSION = YES;
				CLANG_WARN_COMMA = YES;
				CLANG_WARN_CONSTANT_CONVERSION = YES;
				CLANG_WARN_DEPRECATED_OBJC_IMPLEMENTATIONS = YES;
				CLANG_WARN_DIRECT_OBJC_ISA_USAGE = YES_ERROR;
				CLANG_WARN_DOCUMENTATION_COMMENTS = YES;
				CLANG_WARN_EMPTY_BODY = YES;
				CLANG_WARN_ENUM_CONVERSION = YES;
				CLANG_WARN_INFINITE_RECURSION = YES;
				CLANG_WARN_INT_CONVERSION = YES;
				CLANG_WARN_NON_LITERAL_NULL_CONVERSION = YES;
				CLANG_WARN_OBJC_IMPLICIT_RETAIN_SELF = YES;
				CLANG_WARN_OBJC_LITERAL_CONVERSION = YES;
				CLANG_WARN_OBJC_ROOT_CLASS = YES_ERROR;
				CLANG_WARN_QUOTED_INCLUDE_IN_FRAMEWORK_HEADER = YES;
				CLANG_WARN_RANGE_LOOP_ANALYSIS = YES;
				CLANG_WARN_STRICT_PROTOTYPES = YES;
				CLANG_WARN_SUSPICIOUS_MOVE = YES;
				CLANG_WARN_UNGUARDED_AVAILABILITY = YES_AGGRESSIVE;
				CLANG_WARN_UNREACHABLE_CODE = YES;
				CLANG_WARN__DUPLICATE_METHOD_MATCH = YES;
				COPY_PHASE_STRIP = NO;
				CURRENT_PROJECT_VERSION = 1;
				DEBUG_INFORMATION_FORMAT = "dwarf-with-dsym";
				ENABLE_NS_ASSERTIONS = NO;
				ENABLE_STRICT_OBJC_MSGSEND = YES;
				ENABLE_USER_SCRIPT_SANDBOXING = YES;
				GCC_C_LANGUAGE_STANDARD = gnu17;
				GCC_NO_COMMON_BLOCKS = YES;
				GCC_WARN_64_TO_32_BIT_CONVERSION = YES;
				GCC_WARN_ABOUT_RETURN_TYPE = YES_ERROR;
				GCC_WARN_UNDECLARED_SELECTOR = YES;
				GCC_WARN_UNINITIALIZED_AUTOS = YES_AGGRESSIVE;
				GCC_WARN_UNUSED_FUNCTION = YES;
				GCC_WARN_UNUSED_VARIABLE = YES;
				IPHONEOS_DEPLOYMENT_TARGET = 17.5;
				LOCALIZATION_PREFERS_STRING_CATALOGS = YES;
				MTL_ENABLE_DEBUG_INFO = NO;
				MTL_FAST_MATH = YES;
				SDKROOT = iphoneos;
				SWIFT_COMPILATION_MODE = wholemodule;
				VALIDATE_PRODUCT = YES;
				VERSIONING_SYSTEM = "apple-generic";
				VERSION_INFO_PREFIX = "";
			};
			name = Release;
		};
		F3F1BE0D2C1902B500381E03 /* Debug */ = {
			isa = XCBuildConfiguration;
			buildSettings = {
				BUILD_LIBRARY_FOR_DISTRIBUTION = YES;
				CODE_SIGN_STYLE = Automatic;
				CURRENT_PROJECT_VERSION = 1;
				DEFINES_MODULE = YES;
				DEVELOPMENT_TEAM = LBJP2C8845;
				DYLIB_COMPATIBILITY_VERSION = 1;
				DYLIB_CURRENT_VERSION = 1;
				DYLIB_INSTALL_NAME_BASE = "@rpath";
				ENABLE_MODULE_VERIFIER = YES;
				GENERATE_INFOPLIST_FILE = YES;
				INFOPLIST_KEY_NSHumanReadableCopyright = "";
				INSTALL_PATH = "$(LOCAL_LIBRARY_DIR)/Frameworks";
				LD_RUNPATH_SEARCH_PATHS = (
					"$(inherited)",
					"@executable_path/Frameworks",
					"@loader_path/Frameworks",
				);
				MARKETING_VERSION = 1.0;
				MODULE_VERIFIER_SUPPORTED_LANGUAGES = "objective-c objective-c++";
				MODULE_VERIFIER_SUPPORTED_LANGUAGE_STANDARDS = "gnu17 gnu++20";
				PRODUCT_BUNDLE_IDENTIFIER = com.warrd.adlani.DomainKit;
				PRODUCT_NAME = "$(TARGET_NAME:c99extidentifier)";
				SKIP_INSTALL = YES;
				SWIFT_EMIT_LOC_STRINGS = YES;
				SWIFT_INSTALL_OBJC_HEADER = NO;
				SWIFT_VERSION = 5.0;
				TARGETED_DEVICE_FAMILY = "1,2";
			};
			name = Debug;
		};
		F3F1BE0E2C1902B500381E03 /* Release */ = {
			isa = XCBuildConfiguration;
			buildSettings = {
				BUILD_LIBRARY_FOR_DISTRIBUTION = YES;
				CODE_SIGN_STYLE = Automatic;
				CURRENT_PROJECT_VERSION = 1;
				DEFINES_MODULE = YES;
				DEVELOPMENT_TEAM = LBJP2C8845;
				DYLIB_COMPATIBILITY_VERSION = 1;
				DYLIB_CURRENT_VERSION = 1;
				DYLIB_INSTALL_NAME_BASE = "@rpath";
				ENABLE_MODULE_VERIFIER = YES;
				GENERATE_INFOPLIST_FILE = YES;
				INFOPLIST_KEY_NSHumanReadableCopyright = "";
				INSTALL_PATH = "$(LOCAL_LIBRARY_DIR)/Frameworks";
				LD_RUNPATH_SEARCH_PATHS = (
					"$(inherited)",
					"@executable_path/Frameworks",
					"@loader_path/Frameworks",
				);
				MARKETING_VERSION = 1.0;
				MODULE_VERIFIER_SUPPORTED_LANGUAGES = "objective-c objective-c++";
				MODULE_VERIFIER_SUPPORTED_LANGUAGE_STANDARDS = "gnu17 gnu++20";
				PRODUCT_BUNDLE_IDENTIFIER = com.warrd.adlani.DomainKit;
				PRODUCT_NAME = "$(TARGET_NAME:c99extidentifier)";
				SKIP_INSTALL = YES;
				SWIFT_EMIT_LOC_STRINGS = YES;
				SWIFT_INSTALL_OBJC_HEADER = NO;
				SWIFT_VERSION = 5.0;
				TARGETED_DEVICE_FAMILY = "1,2";
			};
			name = Release;
		};
		F3F1BE102C1902B500381E03 /* Debug */ = {
			isa = XCBuildConfiguration;
			buildSettings = {
				ALWAYS_EMBED_SWIFT_STANDARD_LIBRARIES = YES;
				CODE_SIGN_STYLE = Automatic;
				CURRENT_PROJECT_VERSION = 1;
				DEVELOPMENT_TEAM = LBJP2C8845;
				GENERATE_INFOPLIST_FILE = YES;
				MARKETING_VERSION = 1.0;
				PRODUCT_BUNDLE_IDENTIFIER = com.warrd.adlani.DomainKitTests;
				PRODUCT_NAME = "$(TARGET_NAME)";
				SWIFT_EMIT_LOC_STRINGS = NO;
				SWIFT_VERSION = 5.0;
				TARGETED_DEVICE_FAMILY = "1,2";
			};
			name = Debug;
		};
		F3F1BE112C1902B500381E03 /* Release */ = {
			isa = XCBuildConfiguration;
			buildSettings = {
				ALWAYS_EMBED_SWIFT_STANDARD_LIBRARIES = YES;
				CODE_SIGN_STYLE = Automatic;
				CURRENT_PROJECT_VERSION = 1;
				DEVELOPMENT_TEAM = LBJP2C8845;
				GENERATE_INFOPLIST_FILE = YES;
				MARKETING_VERSION = 1.0;
				PRODUCT_BUNDLE_IDENTIFIER = com.warrd.adlani.DomainKitTests;
				PRODUCT_NAME = "$(TARGET_NAME)";
				SWIFT_EMIT_LOC_STRINGS = NO;
				SWIFT_VERSION = 5.0;
				TARGETED_DEVICE_FAMILY = "1,2";
			};
			name = Release;
		};
/* End XCBuildConfiguration section */

/* Begin XCConfigurationList section */
		F3F1BDF22C1902B500381E03 /* Build configuration list for PBXProject "DomainKit" */ = {
			isa = XCConfigurationList;
			buildConfigurations = (
				F3F1BE0A2C1902B500381E03 /* Debug */,
				F3F1BE0B2C1902B500381E03 /* Release */,
			);
			defaultConfigurationIsVisible = 0;
			defaultConfigurationName = Release;
		};
		F3F1BE0C2C1902B500381E03 /* Build configuration list for PBXNativeTarget "DomainKit" */ = {
			isa = XCConfigurationList;
			buildConfigurations = (
				F3F1BE0D2C1902B500381E03 /* Debug */,
				F3F1BE0E2C1902B500381E03 /* Release */,
			);
			defaultConfigurationIsVisible = 0;
			defaultConfigurationName = Release;
		};
		F3F1BE0F2C1902B500381E03 /* Build configuration list for PBXNativeTarget "DomainKitTests" */ = {
			isa = XCConfigurationList;
			buildConfigurations = (
				F3F1BE102C1902B500381E03 /* Debug */,
				F3F1BE112C1902B500381E03 /* Release */,
			);
			defaultConfigurationIsVisible = 0;
			defaultConfigurationName = Release;
		};
/* End XCConfigurationList section */
	};
	rootObject = F3F1BDEF2C1902B500381E03 /* Project object */;
}
